
Microsoft Visual Studio Solution File, Format Version 12.00
# Visual Studio Version 17
VisualStudioVersion = 17.5.33502.453
MinimumVisualStudioVersion = 10.0.40219.1
Project("{FAE04EC0-301F-11D3-BF4B-00C04F79EFBC}") = "jherreraExamen.Android", "jherreraExamen.Android\jherreraExamen.Android.csproj", "{0B5A1CF4-F4EA-4B41-B8DE-6473E23756E0}"
EndProject
Project("{FAE04EC0-301F-11D3-BF4B-00C04F79EFBC}") = "jherreraExamen.iOS", "jherreraExamen.iOS\jherreraExamen.iOS.csproj", "{765F7870-A740-40DC-9B91-7AED80813459}"
EndProject
Project("{FAE04EC0-301F-11D3-BF4B-00C04F79EFBC}") = "jherreraExamen", "jherreraExamen\jherreraExamen.csproj", "{A0F99D48-1F29-4D56-A8AF-C73ED0F517EB}"
EndProject
Global
	GlobalSection(SolutionConfigurationPlatforms) = preSolution
		Debug|Any CPU = Debug|Any CPU
		Debug|iPhone = Debug|iPhone
		Debug|iPhoneSimulator = Debug|iPhoneSimulator
		Release|Any CPU = Release|Any CPU
		Release|iPhone = Release|iPhone
		Release|iPhoneSimulator = Release|iPhoneSimulator
	EndGlobalSection
	GlobalSection(ProjectConfigurationPlatforms) = postSolution
		{0B5A1CF4-F4EA-4B41-B8DE-6473E23756E0}.Debug|Any CPU.ActiveCfg = Debug|Any CPU
		{0B5A1CF4-F4EA-4B41-B8DE-6473E23756E0}.Debug|Any CPU.Build.0 = Debug|Any CPU
		{0B5A1CF4-F4EA-4B41-B8DE-6473E23756E0}.Debug|Any CPU.Deploy.0 = Debug|Any CPU
		{0B5A1CF4-F4EA-4B41-B8DE-6473E23756E0}.Debug|iPhone.ActiveCfg = Debug|Any CPU
		{0B5A1CF4-F4EA-4B41-B8DE-6473E23756E0}.Debug|iPhone.Build.0 = Debug|Any CPU
		{0B5A1CF4-F4EA-4B41-B8DE-6473E23756E0}.Debug|iPhone.Deploy.0 = Debug|Any CPU
		{0B5A1CF4-F4EA-4B41-B8DE-6473E23756E0}.Debug|iPhoneSimulator.ActiveCfg = Debug|Any CPU
		{0B5A1CF4-F4EA-4B41-B8DE-6473E23756E0}.Debug|iPhoneSimulator.Build.0 = Debug|Any CPU
		{0B5A1CF4-F4EA-4B41-B8DE-6473E23756E0}.Debug|iPhoneSimulator.Deploy.0 = Debug|Any CPU
		{0B5A1CF4-F4EA-4B41-B8DE-6473E23756E0}.Release|Any CPU.ActiveCfg = Release|Any CPU
		{0B5A1CF4-F4EA-4B41-B8DE-6473E23756E0}.Release|Any CPU.Build.0 = Release|Any CPU
		{0B5A1CF4-F4EA-4B41-B8DE-6473E23756E0}.Release|Any CPU.Deploy.0 = Release|Any CPU
		{0B5A1CF4-F4EA-4B41-B8DE-6473E23756E0}.Release|iPhone.ActiveCfg = Release|Any CPU
		{0B5A1CF4-F4EA-4B41-B8DE-6473E23756E0}.Release|iPhone.Build.0 = Release|Any CPU
		{0B5A1CF4-F4EA-4B41-B8DE-6473E23756E0}.Release|iPhone.Deploy.0 = Release|Any CPU
		{0B5A1CF4-F4EA-4B41-B8DE-6473E23756E0}.Release|iPhoneSimulator.ActiveCfg = Release|Any CPU
		{0B5A1CF4-F4EA-4B41-B8DE-6473E23756E0}.Release|iPhoneSimulator.Build.0 = Release|Any CPU
		{0B5A1CF4-F4EA-4B41-B8DE-6473E23756E0}.Release|iPhoneSimulator.Deploy.0 = Release|Any CPU
		{765F7870-A740-40DC-9B91-7AED80813459}.Debug|Any CPU.ActiveCfg = Debug|iPhone
		{765F7870-A740-40DC-9B91-7AED80813459}.Debug|Any CPU.Build.0 = Debug|iPhone
		{765F7870-A740-40DC-9B91-7AED80813459}.Debug|Any CPU.Deploy.0 = Debug|iPhone
		{765F7870-A740-40DC-9B91-7AED80813459}.Debug|iPhone.ActiveCfg = Debug|iPhone
		{765F7870-A740-40DC-9B91-7AED80813459}.Debug|iPhone.Build.0 = Debug|iPhone
		{765F7870-A740-40DC-9B91-7AED80813459}.Debug|iPhone.Deploy.0 = Debug|iPhone
		{765F7870-A740-40DC-9B91-7AED80813459}.Debug|iPhoneSimulator.ActiveCfg = Debug|iPhoneSimulator
		{765F7870-A740-40DC-9B91-7AED80813459}.Debug|iPhoneSimulator.Build.0 = Debug|iPhoneSimulator
		{765F7870-A740-40DC-9B91-7AED80813459}.Debug|iPhoneSimulator.Deploy.0 = Debug|iPhoneSimulator
		{765F7870-A740-40DC-9B91-7AED80813459}.Release|Any CPU.ActiveCfg = Release|iPhoneSimulator
		{765F7870-A740-40DC-9B91-7AED80813459}.Release|Any CPU.Build.0 = Release|iPhoneSimulator
		{765F7870-A740-40DC-9B91-7AED80813459}.Release|Any CPU.Deploy.0 = Release|iPhoneSimulator
		{765F7870-A740-40DC-9B91-7AED80813459}.Release|iPhone.ActiveCfg = Release|iPhone
		{765F7870-A740-40DC-9B91-7AED80813459}.Release|iPhone.Build.0 = Release|iPhone
		{765F7870-A740-40DC-9B91-7AED80813459}.Release|iPhone.Deploy.0 = Release|iPhone
		{765F7870-A740-40DC-9B91-7AED80813459}.Release|iPhoneSimulator.ActiveCfg = Release|iPhoneSimulator
		{765F7870-A740-40DC-9B91-7AED80813459}.Release|iPhoneSimulator.Build.0 = Release|iPhoneSimulator
		{765F7870-A740-40DC-9B91-7AED80813459}.Release|iPhoneSimulator.Deploy.0 = Release|iPhoneSimulator
		{A0F99D48-1F29-4D56-A8AF-C73ED0F517EB}.Debug|Any CPU.ActiveCfg = Debug|Any CPU
		{A0F99D48-1F29-4D56-A8AF-C73ED0F517EB}.Debug|Any CPU.Build.0 = Debug|Any CPU
		{A0F99D48-1F29-4D56-A8AF-C73ED0F517EB}.Debug|Any CPU.Deploy.0 = Debug|Any CPU
		{A0F99D48-1F29-4D56-A8AF-C73ED0F517EB}.Debug|iPhone.ActiveCfg = Debug|Any CPU
		{A0F99D48-1F29-4D56-A8AF-C73ED0F517EB}.Debug|iPhone.Build.0 = Debug|Any CPU
		{A0F99D48-1F29-4D56-A8AF-C73ED0F517EB}.Debug|iPhone.Deploy.0 = Debug|Any CPU
		{A0F99D48-1F29-4D56-A8AF-C73ED0F517EB}.Debug|iPhoneSimulator.ActiveCfg = Debug|Any CPU
		{A0F99D48-1F29-4D56-A8AF-C73ED0F517EB}.Debug|iPhoneSimulator.Build.0 = Debug|Any CPU
		{A0F99D48-1F29-4D56-A8AF-C73ED0F517EB}.Debug|iPhoneSimulator.Deploy.0 = Debug|Any CPU
		{A0F99D48-1F29-4D56-A8AF-C73ED0F517EB}.Release|Any CPU.ActiveCfg = Release|Any CPU
		{A0F99D48-1F29-4D56-A8AF-C73ED0F517EB}.Release|Any CPU.Build.0 = Release|Any CPU
		{A0F99D48-1F29-4D56-A8AF-C73ED0F517EB}.Release|Any CPU.Deploy.0 = Release|Any CPU
		{A0F99D48-1F29-4D56-A8AF-C73ED0F517EB}.Release|iPhone.ActiveCfg = Release|Any CPU
		{A0F99D48-1F29-4D56-A8AF-C73ED0F517EB}.Release|iPhone.Build.0 = Release|Any CPU
		{A0F99D48-1F29-4D56-A8AF-C73ED0F517EB}.Release|iPhone.Deploy.0 = Release|Any CPU
		{A0F99D48-1F29-4D56-A8AF-C73ED0F517EB}.Release|iPhoneSimulator.ActiveCfg = Release|Any CPU
		{A0F99D48-1F29-4D56-A8AF-C73ED0F517EB}.Release|iPhoneSimulator.Build.0 = Release|Any CPU
		{A0F99D48-1F29-4D56-A8AF-C73ED0F517EB}.Release|iPhoneSimulator.Deploy.0 = Release|Any CPU
	EndGlobalSection
	GlobalSection(SolutionProperties) = preSolution
		HideSolutionNode = FALSE
	EndGlobalSection
	GlobalSection(ExtensibilityGlobals) = postSolution
		SolutionGuid = {C604FE0A-8F5A-49CB-A4A1-197994845A2F}
	EndGlobalSection
EndGlobal
